{
  "name": "boolean-utils",
  "version": "1.0.2",
  "lockfileVersion": 2,
  "requires": true,
  "packages": {
    "": {
      "name": "boolean-utils",
      "version": "1.0.2",
      "license": "MIT",
      "dependencies": {
        "boolean-utils": "^1.0.1"
      }
    },
    "node_modules/boolean-utils": {
      "version": "1.0.1",
      "resolved": "https://registry.npmjs.org/boolean-utils/-/boolean-utils-1.0.1.tgz",
      "integrity": "sha512-EBL4rYmtdFqrU61+mf1pi50U+VPHrBkGFXVGXrTeLPX3QAS3dLEYucMhLd++eA3z8Liv9tWPDryICa93AAlujg=="
    }
  },
  "dependencies": {
    "boolean-utils": {
      "version": "1.0.1",
      "resolved": "https://registry.npmjs.org/boolean-utils/-/boolean-utils-1.0.1.tgz",
      "integrity": "sha512-EBL4rYmtdFqrU61+mf1pi50U+VPHrBkGFXVGXrTeLPX3QAS3dLEYucMhLd++eA3z8Liv9tWPDryICa93AAlujg=="
    }
  }
}
